// !$*UTF8*$!
{
	archiveVersion = 1;
	classes = {
	};
	objectVersion = 50;
	objects = {

/* Begin PBXBuildFile section */
		AFA54E7823D6FFE2002084AC /* AppDelegate.swift in Sources */ = {isa = PBXBuildFile; fileRef = AFA54E7723D6FFE2002084AC /* AppDelegate.swift */; };
		AFA54E7A23D6FFE2002084AC /* SceneDelegate.swift in Sources */ = {isa = PBXBuildFile; fileRef = AFA54E7923D6FFE2002084AC /* SceneDelegate.swift */; };
		AFA54E7C23D6FFE2002084AC /* ContentView.swift in Sources */ = {isa = PBXBuildFile; fileRef = AFA54E7B23D6FFE2002084AC /* ContentView.swift */; };
		AFA54E7E23D6FFEB002084AC /* Assets.xcassets in Resources */ = {isa = PBXBuildFile; fileRef = AFA54E7D23D6FFEB002084AC /* Assets.xcassets */; };
		AFA54E8123D6FFEB002084AC /* Preview Assets.xcassets in Resources */ = {isa = PBXBuildFile; fileRef = AFA54E8023D6FFEB002084AC /* Preview Assets.xcassets */; };
		AFA54E8423D6FFEB002084AC /* LaunchScreen.storyboard in Resources */ = {isa = PBXBuildFile; fileRef = AFA54E8223D6FFEB002084AC /* LaunchScreen.storyboard */; };
/* End PBXBuildFile section */

/* Begin PBXFileReference section */
		AFA54E7423D6FFE2002084AC /* ElementListSimple.app */ = {isa = PBXFileReference; explicitFileType = wrapper.application; includeInIndex = 0; path = ElementListSimple.app; sourceTree = BUILT_PRODUCTS_DIR; };
		AFA54E7723D6FFE2002084AC /* AppDelegate.swift */ = {isa = PBXFileReference; lastKnownFileType = sourcecode.swift; path = AppDelegate.swift; sourceTree = "<group>"; };
		AFA54E7923D6FFE2002084AC /* SceneDelegate.swift */ = {isa = PBXFileReference; lastKnownFileType = sourcecode.swift; path = SceneDelegate.swift; sourceTree = "<group>"; };
		AFA54E7B23D6FFE2002084AC /* ContentView.swift */ = {isa = PBXFileReference; lastKnownFileType = sourcecode.swift; path = ContentView.swift; sourceTree = "<group>"; };
		AFA54E7D23D6FFEB002084AC /* Assets.xcassets */ = {isa = PBXFileReference; lastKnownFileType = folder.assetcatalog; path = Assets.xcassets; sourceTree = "<group>"; };
		AFA54E8023D6FFEB002084AC /* Preview Assets.xcassets */ = {isa = PBXFileReference; lastKnownFileType = folder.assetcatalog; path = "Preview Assets.xcassets"; sourceTree = "<group>"; };
		AFA54E8323D6FFEB002084AC /* Base */ = {isa = PBXFileReference; lastKnownFileType = file.storyboard; name = Base; path = Base.lproj/LaunchScreen.storyboard; sourceTree = "<group>"; };
		AFA54E8523D6FFEB002084AC /* Info.plist */ = {isa = PBXFileReference; lastKnownFileType = text.plist.xml; path = Info.plist; sourceTree = "<group>"; };
/* End PBXFileReference section */

/* Begin PBXFrameworksBuildPhase section */
		AFA54E7123D6FFE2002084AC /* Frameworks */ = {
			isa = PBXFrameworksBuildPhase;
			buildActionMask = 2147483647;
			files = (
			);
			runOnlyForDeploymentPostprocessing = 0;
		};
/* End PBXFrameworksBuildPhase section */

/* Begin PBXGroup section */
		AFA54E6B23D6FFE2002084AC = {
			isa = PBXGroup;
			children = (
				AFA54E7623D6FFE2002084AC /* ElementListSimple */,
				AFA54E7523D6FFE2002084AC /* Products */,
			);
			sourceTree = "<group>";
		};
		AFA54E7523D6FFE2002084AC /* Products */ = {
			isa = PBXGroup;
			children = (
				AFA54E7423D6FFE2002084AC /* ElementListSimple.app */,
			);
			name = Products;
			sourceTree = "<group>";
		};
		AFA54E7623D6FFE2002084AC /* ElementListSimple */ = {
			isa = PBXGroup;
			children = (
				AFA54E7723D6FFE2002084AC /* AppDelegate.swift */,
				AFA54E7923D6FFE2002084AC /* SceneDelegate.swift */,
				AFA54E7B23D6FFE2002084AC /* ContentView.swift */,
				AFA54E7D23D6FFEB002084AC /* Assets.xcassets */,
				AFA54E8223D6FFEB002084AC /* LaunchScreen.storyboard */,
				AFA54E8523D6FFEB002084AC /* Info.plist */,
				AFA54E7F23D6FFEB002084AC /* Preview Content */,
			);
			path = ElementListSimple;
			sourceTree = "<group>";
		};
		AFA54E7F23D6FFEB002084AC /* Preview Content */ = {
			isa = PBXGroup;
			children = (
				AFA54E8023D6FFEB002084AC /* Preview Assets.xcassets */,
			);
			path = "Preview Content";
			sourceTree = "<group>";
		};
/* End PBXGroup section */

/* Begin PBXNativeTarget section */
		AFA54E7323D6FFE2002084AC /* ElementListSimple */ = {
			isa = PBXNativeTarget;
			buildConfigurationList = AFA54E8823D6FFEB002084AC /* Build configuration list for PBXNativeTarget "ElementListSimple" */;
			buildPhases = (
				AFA54E7023D6FFE2002084AC /* Sources */,
				AFA54E7123D6FFE2002084AC /* Frameworks */,
				AFA54E7223D6FFE2002084AC /* Resources */,
			);
			buildRules = (
			);
			dependencies = (
			);
			name = ElementListSimple;
			productName = ElementListSimple;
			productReference = AFA54E7423D6FFE2002084AC /* ElementListSimple.app */;
			productType = "com.apple.product-type.application";
		};
/* End PBXNativeTarget section */

/* Begin PBXProject section */
		AFA54E6C23D6FFE2002084AC /* Project object */ = {
			isa = PBXProject;
			attributes = {
				LastSwiftUpdateCheck = 1110;
				LastUpgradeCheck = 1110;
				ORGANIZATIONNAME = "Ani Adhikary";
				TargetAttributes = {
					AFA54E7323D6FFE2002084AC = {
						CreatedOnToolsVersion = 11.1;
					};
				};
			};
			buildConfigurationList = AFA54E6F23D6FFE2002084AC /* Build configuration list for PBXProject "ElementListSimple" */;
			compatibilityVersion = "Xcode 9.3";
			developmentRegion = en;
			hasScannedForEncodings = 0;
			knownRegions = (
				en,
				Base,
			);
			mainGroup = AFA54E6B23D6FFE2002084AC;
			productRefGroup = AFA54E7523D6FFE2002084AC /* Products */;
			projectDirPath = "";
			projectRoot = "";
			targets = (
				AFA54E7323D6FFE2002084AC /* ElementListSimple */,
			);
		};
/* End PBXProject section */

/* Begin PBXResourcesBuildPhase section */
		AFA54E7223D6FFE2002084AC /* Resources */ = {
			isa = PBXResourcesBuildPhase;
			buildActionMask = 2147483647;
			files = (
				AFA54E8423D6FFEB002084AC /* LaunchScreen.storyboard in Resources */,
				AFA54E8123D6FFEB002084AC /* Preview Assets.xcassets in Resources */,
				AFA54E7E23D6FFEB002084AC /* Assets.xcassets in Resources */,
			);
			runOnlyForDeploymentPostprocessing = 0;
		};
/* End PBXResourcesBuildPhase section */

/* Begin PBXSourcesBuildPhase section */
		AFA54E7023D6FFE2002084AC /* Sources */ = {
			isa = PBXSourcesBuildPhase;
			buildActionMask = 2147483647;
			files = (
				AFA54E7823D6FFE2002084AC /* AppDelegate.swift in Sources */,
				AFA54E7A23D6FFE2002084AC /* SceneDelegate.swift in Sources */,
				AFA54E7C23D6FFE2002084AC /* ContentView.swift in Sources */,
			);
			runOnlyForDeploymentPostprocessing = 0;
		};
/* End PBXSourcesBuildPhase section */

/* Begin PBXVariantGroup section */
		AFA54E8223D6FFEB002084AC /* LaunchScreen.storyboard */ = {
			isa = PBXVariantGroup;
			children = (
				AFA54E8323D6FFEB002084AC /* Base */,
			);
			name = LaunchScreen.storyboard;
			sourceTree = "<group>";
		};
/* End PBXVariantGroup section */

/* Begin XCBuildConfiguration section */
		AFA54E8623D6FFEB002084AC /* Debug */ = {
			isa = XCBuildConfiguration;
			buildSettings = {
				ALWAYS_SEARCH_USER_PATHS = NO;
				CLANG_ANALYZER_NONNULL = YES;
				CLANG_ANALYZER_NUMBER_OBJECT_CONVERSION = YES_AGGRESSIVE;
				CLANG_CXX_LANGUAGE_STANDARD = "gnu++14";
				CLANG_CXX_LIBRARY = "libc++";
				CLANG_ENABLE_MODULES = YES;
				CLANG_ENABLE_OBJC_ARC = YES;
				CLANG_ENABLE_OBJC_WEAK = YES;
				CLANG_WARN_BLOCK_CAPTURE_AUTORELEASING = YES;
				CLANG_WARN_BOOL_CONVERSION = YES;
				CLANG_WARN_COMMA = YES;
				CLANG_WARN_CONSTANT_CONVERSION = YES;
				CLANG_WARN_DEPRECATED_OBJC_IMPLEMENTATIONS = YES;
				CLANG_WARN_DIRECT_OBJC_ISA_USAGE = YES_ERROR;
				CLANG_WARN_DOCUMENTATION_COMMENTS = YES;
				CLANG_WARN_EMPTY_BODY = YES;
				CLANG_WARN_ENUM_CONVERSION = YES;
				CLANG_WARN_INFINITE_RECURSION = YES;
				CLANG_WARN_INT_CONVERSION = YES;
				CLANG_WARN_NON_LITERAL_NULL_CONVERSION = YES;
				CLANG_WARN_OBJC_IMPLICIT_RETAIN_SELF = YES;
				CLANG_WARN_OBJC_LITERAL_CONVERSION = YES;
				CLANG_WARN_OBJC_ROOT_CLASS = YES_ERROR;
				CLANG_WARN_RANGE_LOOP_ANALYSIS = YES;
				CLANG_WARN_STRICT_PROTOTYPES = YES;
				CLANG_WARN_SUSPICIOUS_MOVE = YES;
				CLANG_WARN_UNGUARDED_AVAILABILITY = YES_AGGRESSIVE;
				CLANG_WARN_UNREACHABLE_CODE = YES;
				CLANG_WARN__DUPLICATE_METHOD_MATCH = YES;
				COPY_PHASE_STRIP = NO;
				DEBUG_INFORMATION_FORMAT = dwarf;
				ENABLE_STRICT_OBJC_MSGSEND = YES;
				ENABLE_TESTABILITY = YES;
				GCC_C_LANGUAGE_STANDARD = gnu11;
				GCC_DYNAMIC_NO_PIC = NO;
				GCC_NO_COMMON_BLOCKS = YES;
				GCC_OPTIMIZATION_LEVEL = 0;
				GCC_PREPROCESSOR_DEFINITIONS = (
					"DEBUG=1",
					"$(inherited)",
				);
				GCC_WARN_64_TO_32_BIT_CONVERSION = YES;
				GCC_WARN_ABOUT_RETURN_TYPE = YES_ERROR;
				GCC_WARN_UNDECLARED_SELECTOR = YES;
				GCC_WARN_UNINITIALIZED_AUTOS = YES_AGGRESSIVE;
				GCC_WARN_UNUSED_FUNCTION = YES;
				GCC_WARN_UNUSED_VARIABLE = YES;
				IPHONEOS_DEPLOYMENT_TARGET = 13.1;
				MTL_ENABLE_DEBUG_INFO = INCLUDE_SOURCE;
				MTL_FAST_MATH = YES;
				ONLY_ACTIVE_ARCH = YES;
				SDKROOT = iphoneos;
				SWIFT_ACTIVE_COMPILATION_CONDITIONS = DEBUG;
				SWIFT_OPTIMIZATION_LEVEL = "-Onone";
			};
			name = Debug;
		};
		AFA54E8723D6FFEB002084AC /* Release */ = {
			isa = XCBuildConfiguration;
			buildSettings = {
				ALWAYS_SEARCH_USER_PATHS = NO;
				CLANG_ANALYZER_NONNULL = YES;
				CLANG_ANALYZER_NUMBER_OBJECT_CONVERSION = YES_AGGRESSIVE;
				CLANG_CXX_LANGUAGE_STANDARD = "gnu++14";
				CLANG_CXX_LIBRARY = "libc++";
				CLANG_ENABLE_MODULES = YES;
				CLANG_ENABLE_OBJC_ARC = YES;
				CLANG_ENABLE_OBJC_WEAK = YES;
				CLANG_WARN_BLOCK_CAPTURE_AUTORELEASING = YES;
				CLANG_WARN_BOOL_CONVERSION = YES;
				CLANG_WARN_COMMA = YES;
				CLANG_WARN_CONSTANT_CONVERSION = YES;
				CLANG_WARN_DEPRECATED_OBJC_IMPLEMENTATIONS = YES;
				CLANG_WARN_DIRECT_OBJC_ISA_USAGE = YES_ERROR;
				CLANG_WARN_DOCUMENTATION_COMMENTS = YES;
				CLANG_WARN_EMPTY_BODY = YES;
				CLANG_WARN_ENUM_CONVERSION = YES;
				CLANG_WARN_INFINITE_RECURSION = YES;
				CLANG_WARN_INT_CONVERSION = YES;
				CLANG_WARN_NON_LITERAL_NULL_CONVERSION = YES;
				CLANG_WARN_OBJC_IMPLICIT_RETAIN_SELF = YES;
				CLANG_WARN_OBJC_LITERAL_CONVERSION = YES;
				CLANG_WARN_OBJC_ROOT_CLASS = YES_ERROR;
				CLANG_WARN_RANGE_LOOP_ANALYSIS = YES;
				CLANG_WARN_STRICT_PROTOTYPES = YES;
				CLANG_WARN_SUSPICIOUS_MOVE = YES;
				CLANG_WARN_UNGUARDED_AVAILABILITY = YES_AGGRESSIVE;
				CLANG_WARN_UNREACHABLE_CODE = YES;
				CLANG_WARN__DUPLICATE_METHOD_MATCH = YES;
				COPY_PHASE_STRIP = NO;
				DEBUG_INFORMATION_FORMAT = "dwarf-with-dsym";
				ENABLE_NS_ASSERTIONS = NO;
				ENABLE_STRICT_OBJC_MSGSEND = YES;
				GCC_C_LANGUAGE_STANDARD = gnu11;
				GCC_NO_COMMON_BLOCKS = YES;
				GCC_WARN_64_TO_32_BIT_CONVERSION = YES;
				GCC_WARN_ABOUT_RETURN_TYPE = YES_ERROR;
				GCC_WARN_UNDECLARED_SELECTOR = YES;
				GCC_WARN_UNINITIALIZED_AUTOS = YES_AGGRESSIVE;
				GCC_WARN_UNUSED_FUNCTION = YES;
				GCC_WARN_UNUSED_VARIABLE = YES;
				IPHONEOS_DEPLOYMENT_TARGET = 13.1;
				MTL_ENABLE_DEBUG_INFO = NO;
				MTL_FAST_MATH = YES;
				SDKROOT = iphoneos;
				SWIFT_COMPILATION_MODE = wholemodule;
				SWIFT_OPTIMIZATION_LEVEL = "-O";
				VALIDATE_PRODUCT = YES;
			};
			name = Release;
		};
		AFA54E8923D6FFEB002084AC /* Debug */ = {
			isa = XCBuildConfiguration;
			buildSettings = {
				ASSETCATALOG_COMPILER_APPICON_NAME = AppIcon;
				CODE_SIGN_STYLE = Automatic;
				DEVELOPMENT_ASSET_PATHS = "\"ElementListSimple/Preview Content\"";
				DEVELOPMENT_TEAM = W3BU4T6J77;
				ENABLE_PREVIEWS = YES;
				INFOPLIST_FILE = ElementListSimple/Info.plist;
				LD_RUNPATH_SEARCH_PATHS = (
					"$(inherited)",
					"@executable_path/Frameworks",
				);
				PRODUCT_BUNDLE_IDENTIFIER = com.aniadhikary.swiftui.ElementListSimple;
				PRODUCT_NAME = "$(TARGET_NAME)";
				SWIFT_VERSION = 5.0;
				TARGETED_DEVICE_FAMILY = "1,2";
			};
			name = Debug;
		};
		AFA54E8A23D6FFEB002084AC /* Release */ = {
			isa = XCBuildConfiguration;
			buildSettings = {
				ASSETCATALOG_COMPILER_APPICON_NAME = AppIcon;
				CODE_SIGN_STYLE = Automatic;
				DEVELOPMENT_ASSET_PATHS = "\"ElementListSimple/Preview Content\"";
				DEVELOPMENT_TEAM = W3BU4T6J77;
				ENABLE_PREVIEWS = YES;
				INFOPLIST_FILE = ElementListSimple/Info.plist;
				LD_RUNPATH_SEARCH_PATHS = (
					"$(inherited)",
					"@executable_path/Frameworks",
				);
				PRODUCT_BUNDLE_IDENTIFIER = com.aniadhikary.swiftui.ElementListSimple;
				PRODUCT_NAME = "$(TARGET_NAME)";
				SWIFT_VERSION = 5.0;
				TARGETED_DEVICE_FAMILY = "1,2";
			};
			name = Release;
		};
/* End XCBuildConfiguration section */

/* Begin XCConfigurationList section */
		AFA54E6F23D6FFE2002084AC /* Build configuration list for PBXProject "ElementListSimple" */ = {
			isa = XCConfigurationList;
			buildConfigurations = (
				AFA54E8623D6FFEB002084AC /* Debug */,
				AFA54E8723D6FFEB002084AC /* Release */,
			);
			defaultConfigurationIsVisible = 0;
			defaultConfigurationName = Release;
		};
		AFA54E8823D6FFEB002084AC /* Build configuration list for PBXNativeTarget "ElementListSimple" */ = {
			isa = XCConfigurationList;
			buildConfigurations = (
				AFA54E8923D6FFEB002084AC /* Debug */,
				AFA54E8A23D6FFEB002084AC /* Release */,
			);
			defaultConfigurationIsVisible = 0;
			defaultConfigurationName = Release;
		};
/* End XCConfigurationList section */
	};
	rootObject = AFA54E6C23D6FFE2002084AC /* Project object */;
}
